
Microsoft Visual Studio Solution File, Format Version 12.00
# Visual Studio Version 17
VisualStudioVersion = 17.6.33815.320
MinimumVisualStudioVersion = 10.0.40219.1
Project("{FAE04EC0-301F-11D3-BF4B-00C04F79EFBC}") = "WorkerServiceHandson", "WorkerServiceHandson\WorkerServiceHandson.csproj", "{A917440E-BD4B-487D-B311-698D314F1556}"
EndProject
Global
	GlobalSection(SolutionConfigurationPlatforms) = preSolution
		Debug|Any CPU = Debug|Any CPU
		Release|Any CPU = Release|Any CPU
	EndGlobalSection
	GlobalSection(ProjectConfigurationPlatforms) = postSolution
		{A917440E-BD4B-487D-B311-698D314F1556}.Debug|Any CPU.ActiveCfg = Debug|Any CPU
		{A917440E-BD4B-487D-B311-698D314F1556}.Debug|Any CPU.Build.0 = Debug|Any CPU
		{A917440E-BD4B-487D-B311-698D314F1556}.Release|Any CPU.ActiveCfg = Release|Any CPU
		{A917440E-BD4B-487D-B311-698D314F1556}.Release|Any CPU.Build.0 = Release|Any CPU
	EndGlobalSection
	GlobalSection(SolutionProperties) = preSolution
		HideSolutionNode = FALSE
	EndGlobalSection
	GlobalSection(ExtensibilityGlobals) = postSolution
		SolutionGuid = {9DC4423F-1D88-4668-80DC-29F7AB82FE82}
	EndGlobalSection
EndGlobal
